
Microsoft Visual Studio Solution File, Format Version 12.00
# Visual Studio Version 17
VisualStudioVersion = 17.2.32526.322
MinimumVisualStudioVersion = 10.0.40219.1
Project("{9A19103F-16F7-4668-BE54-9A1E7A4F7556}") = "Gog", "Gog.csproj", "{BB8E2BA7-DA9B-4713-9258-FB540799B04C}"
EndProject
Project("{9A19103F-16F7-4668-BE54-9A1E7A4F7556}") = "TrackModel_v0.1", "..\..\Track Model\TrackModel_v0.1.csproj", "{7B21778D-C528-4188-A321-77EB1E2663DE}"
EndProject
Project("{9A19103F-16F7-4668-BE54-9A1E7A4F7556}") = "TrainModel", "..\..\Train Model\TrainModel\TrainModel.csproj", "{88A22B49-278B-49A9-9780-03E162B106EC}"
EndProject
Global
	GlobalSection(SolutionConfigurationPlatforms) = preSolution
		Debug|Any CPU = Debug|Any CPU
		Release|Any CPU = Release|Any CPU
	EndGlobalSection
	GlobalSection(ProjectConfigurationPlatforms) = postSolution
		{BB8E2BA7-DA9B-4713-9258-FB540799B04C}.Debug|Any CPU.ActiveCfg = Debug|Any CPU
		{BB8E2BA7-DA9B-4713-9258-FB540799B04C}.Debug|Any CPU.Build.0 = Debug|Any CPU
		{BB8E2BA7-DA9B-4713-9258-FB540799B04C}.Release|Any CPU.ActiveCfg = Release|Any CPU
		{BB8E2BA7-DA9B-4713-9258-FB540799B04C}.Release|Any CPU.Build.0 = Release|Any CPU
		{7B21778D-C528-4188-A321-77EB1E2663DE}.Debug|Any CPU.ActiveCfg = Debug|Any CPU
		{7B21778D-C528-4188-A321-77EB1E2663DE}.Debug|Any CPU.Build.0 = Debug|Any CPU
		{7B21778D-C528-4188-A321-77EB1E2663DE}.Release|Any CPU.ActiveCfg = Release|Any CPU
		{7B21778D-C528-4188-A321-77EB1E2663DE}.Release|Any CPU.Build.0 = Release|Any CPU
		{88A22B49-278B-49A9-9780-03E162B106EC}.Debug|Any CPU.ActiveCfg = Debug|Any CPU
		{88A22B49-278B-49A9-9780-03E162B106EC}.Debug|Any CPU.Build.0 = Debug|Any CPU
		{88A22B49-278B-49A9-9780-03E162B106EC}.Release|Any CPU.ActiveCfg = Release|Any CPU
		{88A22B49-278B-49A9-9780-03E162B106EC}.Release|Any CPU.Build.0 = Release|Any CPU
	EndGlobalSection
	GlobalSection(SolutionProperties) = preSolution
		HideSolutionNode = FALSE
	EndGlobalSection
	GlobalSection(ExtensibilityGlobals) = postSolution
		SolutionGuid = {A43B1B47-75FD-4379-870D-464525B3F235}
	EndGlobalSection
EndGlobal
