
Microsoft Visual Studio Solution File, Format Version 12.00
# Visual Studio Version 17
VisualStudioVersion = 17.2.32602.215
MinimumVisualStudioVersion = 10.0.40219.1
Project("{9A19103F-16F7-4668-BE54-9A1E7A4F7556}") = "TrainController", "TrainController\TrainController.csproj", "{ED89FEB5-D9FA-4077-B111-E5AFD4AA6135}"
EndProject
Project("{2150E333-8FDC-42A3-9474-1A3956D46DE8}") = "Solution Items", "Solution Items", "{ED838E99-4B89-4E4E-A861-D4E2691A9A66}"
	ProjectSection(SolutionItems) = preProject
		.editorconfig = .editorconfig
	EndProjectSection
EndProject
Global
	GlobalSection(SolutionConfigurationPlatforms) = preSolution
		Debug|Any CPU = Debug|Any CPU
		Release|Any CPU = Release|Any CPU
	EndGlobalSection
	GlobalSection(ProjectConfigurationPlatforms) = postSolution
		{9328A773-0CCE-445E-8A6A-413A805B2465}.Debug|Any CPU.ActiveCfg = Debug|Any CPU
		{9328A773-0CCE-445E-8A6A-413A805B2465}.Debug|Any CPU.Build.0 = Debug|Any CPU
		{9328A773-0CCE-445E-8A6A-413A805B2465}.Release|Any CPU.ActiveCfg = Release|Any CPU
		{9328A773-0CCE-445E-8A6A-413A805B2465}.Release|Any CPU.Build.0 = Release|Any CPU
	EndGlobalSection
	GlobalSection(SolutionProperties) = preSolution
		HideSolutionNode = FALSE
	EndGlobalSection
	GlobalSection(ExtensibilityGlobals) = postSolution
		SolutionGuid = {69BF2DB3-2DE4-4EF1-B33A-829976C355DC}
	EndGlobalSection
EndGlobal
