
Microsoft Visual Studio Solution File, Format Version 12.00
# Visual Studio Version 17
VisualStudioVersion = 17.2.32602.215
MinimumVisualStudioVersion = 10.0.40219.1
Project("{FAE04EC0-301F-11D3-BF4B-00C04F79EFBC}") = "Track Controller 1.02", "Track Controller 1.1\Track Controller 1.1.csproj", "{3F117989-6B96-4123-979C-B98B2920DEA7}"
EndProject
Global
	GlobalSection(SolutionConfigurationPlatforms) = preSolution
		Debug|Any CPU = Debug|Any CPU
		Release|Any CPU = Release|Any CPU
	EndGlobalSection
	GlobalSection(ProjectConfigurationPlatforms) = postSolution
		{3F117989-6B96-4123-979C-B98B2920DEA7}.Debug|Any CPU.ActiveCfg = Debug|Any CPU
		{3F117989-6B96-4123-979C-B98B2920DEA7}.Debug|Any CPU.Build.0 = Debug|Any CPU
		{3F117989-6B96-4123-979C-B98B2920DEA7}.Release|Any CPU.ActiveCfg = Release|Any CPU
		{3F117989-6B96-4123-979C-B98B2920DEA7}.Release|Any CPU.Build.0 = Release|Any CPU
	EndGlobalSection
	GlobalSection(SolutionProperties) = preSolution
		HideSolutionNode = FALSE
	EndGlobalSection
	GlobalSection(ExtensibilityGlobals) = postSolution
		SolutionGuid = {B63BE733-FBEE-4A6D-B97F-D874859E003E}
	EndGlobalSection
EndGlobal
