
Microsoft Visual Studio Solution File, Format Version 12.00
# Visual Studio Version 17
VisualStudioVersion = 17.2.32602.215
MinimumVisualStudioVersion = 10.0.40219.1
Project("{FAE04EC0-301F-11D3-BF4B-00C04F79EFBC}") = "TrainModel", "TrainModel.csproj", "{E0F0557A-CBFD-4425-9D89-30C2FA2DDCDB}"
EndProject
Global
	GlobalSection(SolutionConfigurationPlatforms) = preSolution
		Debug|Any CPU = Debug|Any CPU
		Release|Any CPU = Release|Any CPU
	EndGlobalSection
	GlobalSection(ProjectConfigurationPlatforms) = postSolution
		{E0F0557A-CBFD-4425-9D89-30C2FA2DDCDB}.Debug|Any CPU.ActiveCfg = Debug|Any CPU
		{E0F0557A-CBFD-4425-9D89-30C2FA2DDCDB}.Debug|Any CPU.Build.0 = Debug|Any CPU
		{E0F0557A-CBFD-4425-9D89-30C2FA2DDCDB}.Release|Any CPU.ActiveCfg = Release|Any CPU
		{E0F0557A-CBFD-4425-9D89-30C2FA2DDCDB}.Release|Any CPU.Build.0 = Release|Any CPU
	EndGlobalSection
	GlobalSection(SolutionProperties) = preSolution
		HideSolutionNode = FALSE
	EndGlobalSection
	GlobalSection(ExtensibilityGlobals) = postSolution
		SolutionGuid = {2149953D-BD18-449F-AB82-486B36CE4189}
	EndGlobalSection
EndGlobal
