
Microsoft Visual Studio Solution File, Format Version 12.00
# Visual Studio Version 17
VisualStudioVersion = 17.2.32616.157
MinimumVisualStudioVersion = 10.0.40219.1
Project("{FAE04EC0-301F-11D3-BF4B-00C04F79EFBC}") = "TrainController", "TrainController\TrainController.csproj", "{ED89FEB5-D9FA-4077-B111-E5AFD4AA6135}"
EndProject
Global
	GlobalSection(SolutionConfigurationPlatforms) = preSolution
		Debug|Any CPU = Debug|Any CPU
		Release|Any CPU = Release|Any CPU
	EndGlobalSection
	GlobalSection(ProjectConfigurationPlatforms) = postSolution
		{ED89FEB5-D9FA-4077-B111-E5AFD4AA6135}.Debug|Any CPU.ActiveCfg = Debug|Any CPU
		{ED89FEB5-D9FA-4077-B111-E5AFD4AA6135}.Debug|Any CPU.Build.0 = Debug|Any CPU
		{ED89FEB5-D9FA-4077-B111-E5AFD4AA6135}.Release|Any CPU.ActiveCfg = Release|Any CPU
		{ED89FEB5-D9FA-4077-B111-E5AFD4AA6135}.Release|Any CPU.Build.0 = Release|Any CPU
	EndGlobalSection
	GlobalSection(SolutionProperties) = preSolution
		HideSolutionNode = FALSE
	EndGlobalSection
	GlobalSection(ExtensibilityGlobals) = postSolution
		SolutionGuid = {A1EB40A3-B3FE-4E07-9B06-0190F2F8459F}
	EndGlobalSection
EndGlobal
